
Microsoft Visual Studio Solution File, Format Version 12.00
# Visual Studio 15
VisualStudioVersion = 15.0.28010.2041
MinimumVisualStudioVersion = 10.0.40219.1
Project("{FAE04EC0-301F-11D3-BF4B-00C04F79EFBC}") = "kobiTicariOtomasyon", "kobiTicariOtomasyon\kobiTicariOtomasyon.csproj", "{363CD810-FCB3-47FB-9E11-9A93A7FD0C7B}"
EndProject
Global
	GlobalSection(SolutionConfigurationPlatforms) = preSolution
		Debug|Any CPU = Debug|Any CPU
		Release|Any CPU = Release|Any CPU
	EndGlobalSection
	GlobalSection(ProjectConfigurationPlatforms) = postSolution
		{363CD810-FCB3-47FB-9E11-9A93A7FD0C7B}.Debug|Any CPU.ActiveCfg = Debug|Any CPU
		{363CD810-FCB3-47FB-9E11-9A93A7FD0C7B}.Debug|Any CPU.Build.0 = Debug|Any CPU
		{363CD810-FCB3-47FB-9E11-9A93A7FD0C7B}.Release|Any CPU.ActiveCfg = Release|Any CPU
		{363CD810-FCB3-47FB-9E11-9A93A7FD0C7B}.Release|Any CPU.Build.0 = Release|Any CPU
	EndGlobalSection
	GlobalSection(SolutionProperties) = preSolution
		HideSolutionNode = FALSE
	EndGlobalSection
	GlobalSection(ExtensibilityGlobals) = postSolution
		SolutionGuid = {C8A7A8DA-1689-4FB1-A3C9-8D7A0ADFAFC4}
	EndGlobalSection
EndGlobal
